
Microsoft Visual Studio Solution File, Format Version 12.00
# Visual Studio Version 17
VisualStudioVersion = 17.14.36121.58 d17.14
MinimumVisualStudioVersion = 10.0.40219.1
Project("{FAE04EC0-301F-11D3-BF4B-00C04F79EFBC}") = "POEProgPart3", "POEProgPart3\POEProgPart3.csproj", "{1471FDB0-BA10-4E0D-9655-B7974E2143C5}"
EndProject
Global
	GlobalSection(SolutionConfigurationPlatforms) = preSolution
		Debug|Any CPU = Debug|Any CPU
		Release|Any CPU = Release|Any CPU
	EndGlobalSection
	GlobalSection(ProjectConfigurationPlatforms) = postSolution
		{1471FDB0-BA10-4E0D-9655-B7974E2143C5}.Debug|Any CPU.ActiveCfg = Debug|Any CPU
		{1471FDB0-BA10-4E0D-9655-B7974E2143C5}.Debug|Any CPU.Build.0 = Debug|Any CPU
		{1471FDB0-BA10-4E0D-9655-B7974E2143C5}.Release|Any CPU.ActiveCfg = Release|Any CPU
		{1471FDB0-BA10-4E0D-9655-B7974E2143C5}.Release|Any CPU.Build.0 = Release|Any CPU
	EndGlobalSection
	GlobalSection(SolutionProperties) = preSolution
		HideSolutionNode = FALSE
	EndGlobalSection
	GlobalSection(ExtensibilityGlobals) = postSolution
		SolutionGuid = {68683475-4BD7-49BD-8F64-E7192C8B97EA}
	EndGlobalSection
EndGlobal
